// !$*UTF8*$!
{
	archiveVersion = 1;
	classes = {
	};
	objectVersion = 51;
	objects = {

/* Begin PBXBuildFile section */
		3DCE17D7778FA759B09C2E49 /* Pods_Mongli.framework in Frameworks */ = {isa = PBXBuildFile; fileRef = 0D91CE847018A2125172549A /* Pods_Mongli.framework */; };
		74492B166BA435CC3A967352 /* Pods_MongliTests.framework in Frameworks */ = {isa = PBXBuildFile; fileRef = B839494DEDC6F490336E6031 /* Pods_MongliTests.framework */; };
		BF330A07242B462600271BFC /* FSCalendar+RxTheme.swift in Sources */ = {isa = PBXBuildFile; fileRef = BF330A06242B462600271BFC /* FSCalendar+RxTheme.swift */; };
		BF330A0B242B5CDE00271BFC /* GlobalProperties.swift in Sources */ = {isa = PBXBuildFile; fileRef = BF330A0A242B5CDE00271BFC /* GlobalProperties.swift */; };
		BF330A0D242B5F8400271BFC /* PlaceholderView.swift in Sources */ = {isa = PBXBuildFile; fileRef = BF330A0C242B5F8400271BFC /* PlaceholderView.swift */; };
		BF330A12242B724B00271BFC /* CreateDreamViewController.swift in Sources */ = {isa = PBXBuildFile; fileRef = BF330A10242B6F0700271BFC /* CreateDreamViewController.swift */; };
		BF330A13242B724D00271BFC /* CreateDreamViewReactor.swift in Sources */ = {isa = PBXBuildFile; fileRef = BF330A11242B6F0700271BFC /* CreateDreamViewReactor.swift */; };
		BF330A15242B725500271BFC /* ReadDreamViewReactor.swift in Sources */ = {isa = PBXBuildFile; fileRef = BF330A0E242B6F0200271BFC /* ReadDreamViewReactor.swift */; };
		BF43271224273F2A00B1A9DE /* SearchQuery.swift in Sources */ = {isa = PBXBuildFile; fileRef = BF43271124273F2A00B1A9DE /* SearchQuery.swift */; };
		BF4327142428800B00B1A9DE /* User.swift in Sources */ = {isa = PBXBuildFile; fileRef = BF4327132428800B00B1A9DE /* User.swift */; };
		BF4327162428C94100B1A9DE /* ReachabilityManager.swift in Sources */ = {isa = PBXBuildFile; fileRef = BF4327152428C94100B1A9DE /* ReachabilityManager.swift */; };
		BF43271A2428DE4E00B1A9DE /* ToastView.swift in Sources */ = {isa = PBXBuildFile; fileRef = BF4327192428DE4E00B1A9DE /* ToastView.swift */; };
		BF43271E2428DEEC00B1A9DE /* UIViewController.swift in Sources */ = {isa = PBXBuildFile; fileRef = BF43271D2428DEEC00B1A9DE /* UIViewController.swift */; };
		BF4327202428F80D00B1A9DE /* CoverView.swift in Sources */ = {isa = PBXBuildFile; fileRef = BF43271F2428F80D00B1A9DE /* CoverView.swift */; };
		BF4327252429DF1500B1A9DE /* CALayer+RxTheme.swift in Sources */ = {isa = PBXBuildFile; fileRef = BF4327242429DF1500B1A9DE /* CALayer+RxTheme.swift */; };
		BF4327272429EAA400B1A9DE /* MoreFlow.swift in Sources */ = {isa = PBXBuildFile; fileRef = BF4327262429EAA400B1A9DE /* MoreFlow.swift */; };
		BF4327292429F11900B1A9DE /* SnapKit.swift in Sources */ = {isa = PBXBuildFile; fileRef = BF4327282429F11900B1A9DE /* SnapKit.swift */; };
		BF43272B2429FFD200B1A9DE /* UIButton.swift in Sources */ = {isa = PBXBuildFile; fileRef = BF43272A2429FFD200B1A9DE /* UIButton.swift */; };
		BF43272D242A345800B1A9DE /* SummaryDreamTableViewCell.swift in Sources */ = {isa = PBXBuildFile; fileRef = BF43272C242A345800B1A9DE /* SummaryDreamTableViewCell.swift */; };
		BF43272F242A352600B1A9DE /* Keys.swift in Sources */ = {isa = PBXBuildFile; fileRef = BF43272E242A352600B1A9DE /* Keys.swift */; };
		BF432731242A366700B1A9DE /* UIImage.swift in Sources */ = {isa = PBXBuildFile; fileRef = BF432730242A366700B1A9DE /* UIImage.swift */; };
		BF432733242A38FA00B1A9DE /* Category.swift in Sources */ = {isa = PBXBuildFile; fileRef = BF432732242A38FA00B1A9DE /* Category.swift */; };
		BF432735242B2DC900B1A9DE /* Spinner.swift in Sources */ = {isa = PBXBuildFile; fileRef = BF432734242B2DC900B1A9DE /* Spinner.swift */; };
		BF445473241E3FF800632E38 /* AppDelegate.swift in Sources */ = {isa = PBXBuildFile; fileRef = BF445472241E3FF800632E38 /* AppDelegate.swift */; };
		BF445477241E3FF800632E38 /* SignInViewController.swift in Sources */ = {isa = PBXBuildFile; fileRef = BF445476241E3FF800632E38 /* SignInViewController.swift */; };
		BF44547C241E3FFA00632E38 /* Assets.xcassets in Resources */ = {isa = PBXBuildFile; fileRef = BF44547B241E3FFA00632E38 /* Assets.xcassets */; };
		BF44547F241E3FFA00632E38 /* LaunchScreen.storyboard in Resources */ = {isa = PBXBuildFile; fileRef = BF44547D241E3FFA00632E38 /* LaunchScreen.storyboard */; };
		BF44548A241E3FFA00632E38 /* MongliTests.swift in Sources */ = {isa = PBXBuildFile; fileRef = BF445489241E3FFA00632E38 /* MongliTests.swift */; };
		BF445495241E3FFA00632E38 /* MongliUITests.swift in Sources */ = {isa = PBXBuildFile; fileRef = BF445494241E3FFA00632E38 /* MongliUITests.swift */; };
		BF4454AD241F95D300632E38 /* LogManager.swift in Sources */ = {isa = PBXBuildFile; fileRef = BF4454AC241F95D300632E38 /* LogManager.swift */; };
		BF4454B2241FA63600632E38 /* Token.swift in Sources */ = {isa = PBXBuildFile; fileRef = BF4454B1241FA63600632E38 /* Token.swift */; };
		BF4454B4241FA63D00632E38 /* Analysis.swift in Sources */ = {isa = PBXBuildFile; fileRef = BF4454B3241FA63D00632E38 /* Analysis.swift */; };
		BF4454BC2420A93500632E38 /* TokenManager.swift in Sources */ = {isa = PBXBuildFile; fileRef = BF4454BB2420A93500632E38 /* TokenManager.swift */; };
		BF4454BE2420ACB400632E38 /* Dream.swift in Sources */ = {isa = PBXBuildFile; fileRef = BF4454BD2420ACB400632E38 /* Dream.swift */; };
		BF4454C12420F59400632E38 /* MongliAPI.swift in Sources */ = {isa = PBXBuildFile; fileRef = BF4454C02420F59400632E38 /* MongliAPI.swift */; };
		BF4454C4242108F100632E38 /* .swiftlint.yml in Resources */ = {isa = PBXBuildFile; fileRef = BF4454C3242108F100632E38 /* .swiftlint.yml */; };
		BF4454C624210AC800632E38 /* StorageManager.swift in Sources */ = {isa = PBXBuildFile; fileRef = BF4454C524210AC800632E38 /* StorageManager.swift */; };
		BF4454C92421130400632E38 /* Realm.swift in Sources */ = {isa = PBXBuildFile; fileRef = BF4454C82421130400632E38 /* Realm.swift */; };
		BF4454CE24211F1D00632E38 /* ServiceType.swift in Sources */ = {isa = PBXBuildFile; fileRef = BF4454CD24211F1D00632E38 /* ServiceType.swift */; };
		BF4454D024211FCD00632E38 /* NetworkResult.swift in Sources */ = {isa = PBXBuildFile; fileRef = BF4454CF24211FCD00632E38 /* NetworkResult.swift */; };
		BF4454D22421ED7B00632E38 /* Service.swift in Sources */ = {isa = PBXBuildFile; fileRef = BF4454D12421ED7B00632E38 /* Service.swift */; };
		BF4454D824225C3000632E38 /* Localizable.strings in Resources */ = {isa = PBXBuildFile; fileRef = BF4454DA24225C3000632E38 /* Localizable.strings */; };
		BF4454DE24225EF600632E38 /* LocalizedString.swift in Sources */ = {isa = PBXBuildFile; fileRef = BF4454DD24225EF600632E38 /* LocalizedString.swift */; };
		BF4454E02422683700632E38 /* AuthService.swift in Sources */ = {isa = PBXBuildFile; fileRef = BF4454DF2422683700632E38 /* AuthService.swift */; };
		BF4454E22422701000632E38 /* DreamService.swift in Sources */ = {isa = PBXBuildFile; fileRef = BF4454E12422701000632E38 /* DreamService.swift */; };
		BF4454E52423703000632E38 /* MongliStep.swift in Sources */ = {isa = PBXBuildFile; fileRef = BF4454E42423703000632E38 /* MongliStep.swift */; };
		BF4454E724238DB800632E38 /* AppFlow.swift in Sources */ = {isa = PBXBuildFile; fileRef = BF4454E624238DB800632E38 /* AppFlow.swift */; };
		BF4454EB24239CFB00632E38 /* BaseViewController.swift in Sources */ = {isa = PBXBuildFile; fileRef = BF4454EA24239CFB00632E38 /* BaseViewController.swift */; };
		BF4454F7242444BF00632E38 /* SignInViewReactor.swift in Sources */ = {isa = PBXBuildFile; fileRef = BF4454F6242444BF00632E38 /* SignInViewReactor.swift */; };
		BF4454FB24244A7500632E38 /* HomeViewController.swift in Sources */ = {isa = PBXBuildFile; fileRef = BF4454FA24244A7500632E38 /* HomeViewController.swift */; };
		BF4454FD24244E7000632E38 /* HomeViewReactor.swift in Sources */ = {isa = PBXBuildFile; fileRef = BF4454FC24244E7000632E38 /* HomeViewReactor.swift */; };
		BF4454FF24244E9600632E38 /* MoreViewController.swift in Sources */ = {isa = PBXBuildFile; fileRef = BF4454FE24244E9600632E38 /* MoreViewController.swift */; };
		BF44550124244EA000632E38 /* MoreViewReactor.swift in Sources */ = {isa = PBXBuildFile; fileRef = BF44550024244EA000632E38 /* MoreViewReactor.swift */; };
		BF44550324244ECF00632E38 /* SearchViewController.swift in Sources */ = {isa = PBXBuildFile; fileRef = BF44550224244ECF00632E38 /* SearchViewController.swift */; };
		BF44550524244ED800632E38 /* SearchViewReactor.swift in Sources */ = {isa = PBXBuildFile; fileRef = BF44550424244ED800632E38 /* SearchViewReactor.swift */; };
		BF44550724244F7700632E38 /* TabBarFlow.swift in Sources */ = {isa = PBXBuildFile; fileRef = BF44550624244F7700632E38 /* TabBarFlow.swift */; };
		BF4455092424507100632E38 /* HomeFlow.swift in Sources */ = {isa = PBXBuildFile; fileRef = BF4455082424507100632E38 /* HomeFlow.swift */; };
		BF44550B2424507B00632E38 /* SearchFlow.swift in Sources */ = {isa = PBXBuildFile; fileRef = BF44550A2424507B00632E38 /* SearchFlow.swift */; };
		BF44550F242453CB00632E38 /* RxFlow.swift in Sources */ = {isa = PBXBuildFile; fileRef = BF44550E242453CB00632E38 /* RxFlow.swift */; };
		BF4455122424D16100632E38 /* Theme.swift in Sources */ = {isa = PBXBuildFile; fileRef = BF4455112424D16100632E38 /* Theme.swift */; };
		BF4455142424DC0300632E38 /* UIColor.swift in Sources */ = {isa = PBXBuildFile; fileRef = BF4455132424DC0300632E38 /* UIColor.swift */; };
		BF4455182424E87000632E38 /* 12롯데마트행복Bold.ttf in Resources */ = {isa = PBXBuildFile; fileRef = BF4455152424E74E00632E38 /* 12롯데마트행복Bold.ttf */; };
		BF4455192424E87200632E38 /* 12롯데마트행복Light.ttf in Resources */ = {isa = PBXBuildFile; fileRef = BF4455162424E74F00632E38 /* 12롯데마트행복Light.ttf */; };
		BF44551A2424E87500632E38 /* 12롯데마트행복Medium.ttf in Resources */ = {isa = PBXBuildFile; fileRef = BF4455172424E74F00632E38 /* 12롯데마트행복Medium.ttf */; };
		BF44551C2424E93900632E38 /* FontManager.swift in Sources */ = {isa = PBXBuildFile; fileRef = BF44551B2424E93900632E38 /* FontManager.swift */; };
		BF4455212424F89B00632E38 /* LogoView.swift in Sources */ = {isa = PBXBuildFile; fileRef = BF4455202424F89B00632E38 /* LogoView.swift */; };
		BF44552C2425019200632E38 /* UILabel.swift in Sources */ = {isa = PBXBuildFile; fileRef = BF44552B2425019200632E38 /* UILabel.swift */; };
		BF44552E2425D7AC00632E38 /* ASAuthorizationAppleIDButton+Rx.swift in Sources */ = {isa = PBXBuildFile; fileRef = BF44552D2425D7AC00632E38 /* ASAuthorizationAppleIDButton+Rx.swift */; };
		BFB0A90F242CDD0600BCBFD4 /* DreamView.swift in Sources */ = {isa = PBXBuildFile; fileRef = BFB0A90E242CDD0600BCBFD4 /* DreamView.swift */; };
		BFB0A911242CDEBD00BCBFD4 /* Spinner+Rx.swift in Sources */ = {isa = PBXBuildFile; fileRef = BFB0A910242CDEBD00BCBFD4 /* Spinner+Rx.swift */; };
		BFB0A913242CE31B00BCBFD4 /* CategoryButton.swift in Sources */ = {isa = PBXBuildFile; fileRef = BFB0A912242CE31B00BCBFD4 /* CategoryButton.swift */; };
		BFB0A915242CFDEE00BCBFD4 /* ObservableType.swift in Sources */ = {isa = PBXBuildFile; fileRef = BFB0A914242CFDEE00BCBFD4 /* ObservableType.swift */; };
		BFBFB63A2432D24600C15CDD /* GoogleService-Info.plist in Resources */ = {isa = PBXBuildFile; fileRef = BFBFB6392432D24600C15CDD /* GoogleService-Info.plist */; };
		BFBFB63C2432E1A500C15CDD /* privateKey in Resources */ = {isa = PBXBuildFile; fileRef = BFBFB63B2432E1A500C15CDD /* privateKey */; };
		BFBFB6432435B93700C15CDD /* ReadDreamViewController.swift in Sources */ = {isa = PBXBuildFile; fileRef = BFBFB6422435B93700C15CDD /* ReadDreamViewController.swift */; };
		BFBFB6462435BADC00C15CDD /* UpdateDreamViewReactor.swift in Sources */ = {isa = PBXBuildFile; fileRef = BFBFB6442435B94B00C15CDD /* UpdateDreamViewReactor.swift */; };
		BFBFB6472435BAE000C15CDD /* UpdateDreamViewController.swift in Sources */ = {isa = PBXBuildFile; fileRef = BFBFB6452435B94B00C15CDD /* UpdateDreamViewController.swift */; };
		BFBFB64C2435F99600C15CDD /* UIGestureRecognizer+Rx.swift in Sources */ = {isa = PBXBuildFile; fileRef = BFBFB64A2435DD4B00C15CDD /* UIGestureRecognizer+Rx.swift */; };
		BFBFB6512436138600C15CDD /* CategoryInfoViewController.swift in Sources */ = {isa = PBXBuildFile; fileRef = BFBFB6502436138600C15CDD /* CategoryInfoViewController.swift */; };
		BFBFB653243613F000C15CDD /* BottomButton.swift in Sources */ = {isa = PBXBuildFile; fileRef = BFBFB652243613F000C15CDD /* BottomButton.swift */; };
		BFBFB65524361DC900C15CDD /* UILabel+RxTheme.swift in Sources */ = {isa = PBXBuildFile; fileRef = BFBFB65424361DC900C15CDD /* UILabel+RxTheme.swift */; };
		F11FEC0AE88C692D0025B94E /* Pods_Mongli_MongliUITests.framework in Frameworks */ = {isa = PBXBuildFile; fileRef = CA40BC9856DA164441271022 /* Pods_Mongli_MongliUITests.framework */; };
/* End PBXBuildFile section */

/* Begin PBXContainerItemProxy section */
		BF445486241E3FFA00632E38 /* PBXContainerItemProxy */ = {
			isa = PBXContainerItemProxy;
			containerPortal = BF445467241E3FF800632E38 /* Project object */;
			proxyType = 1;
			remoteGlobalIDString = BF44546E241E3FF800632E38;
			remoteInfo = Mongli;
		};
		BF445491241E3FFA00632E38 /* PBXContainerItemProxy */ = {
			isa = PBXContainerItemProxy;
			containerPortal = BF445467241E3FF800632E38 /* Project object */;
			proxyType = 1;
			remoteGlobalIDString = BF44546E241E3FF800632E38;
			remoteInfo = Mongli;
		};
/* End PBXContainerItemProxy section */

/* Begin PBXFileReference section */
		0D91CE847018A2125172549A /* Pods_Mongli.framework */ = {isa = PBXFileReference; explicitFileType = wrapper.framework; includeInIndex = 0; path = Pods_Mongli.framework; sourceTree = BUILT_PRODUCTS_DIR; };
		5FC16AFACA234A05573030B5 /* Pods-Mongli.release.xcconfig */ = {isa = PBXFileReference; includeInIndex = 1; lastKnownFileType = text.xcconfig; name = "Pods-Mongli.release.xcconfig"; path = "Target Support Files/Pods-Mongli/Pods-Mongli.release.xcconfig"; sourceTree = "<group>"; };
		B839494DEDC6F490336E6031 /* Pods_MongliTests.framework */ = {isa = PBXFileReference; explicitFileType = wrapper.framework; includeInIndex = 0; path = Pods_MongliTests.framework; sourceTree = BUILT_PRODUCTS_DIR; };
		BCBCB1D1B35A99011F0A4783 /* Pods-Mongli-MongliUITests.release.xcconfig */ = {isa = PBXFileReference; includeInIndex = 1; lastKnownFileType = text.xcconfig; name = "Pods-Mongli-MongliUITests.release.xcconfig"; path = "Target Support Files/Pods-Mongli-MongliUITests/Pods-Mongli-MongliUITests.release.xcconfig"; sourceTree = "<group>"; };
		BF330A06242B462600271BFC /* FSCalendar+RxTheme.swift */ = {isa = PBXFileReference; lastKnownFileType = sourcecode.swift; path = "FSCalendar+RxTheme.swift"; sourceTree = "<group>"; };
		BF330A0A242B5CDE00271BFC /* GlobalProperties.swift */ = {isa = PBXFileReference; lastKnownFileType = sourcecode.swift; path = GlobalProperties.swift; sourceTree = "<group>"; };
		BF330A0C242B5F8400271BFC /* PlaceholderView.swift */ = {isa = PBXFileReference; lastKnownFileType = sourcecode.swift; path = PlaceholderView.swift; sourceTree = "<group>"; };
		BF330A0E242B6F0200271BFC /* ReadDreamViewReactor.swift */ = {isa = PBXFileReference; lastKnownFileType = sourcecode.swift; path = ReadDreamViewReactor.swift; sourceTree = "<group>"; };
		BF330A10242B6F0700271BFC /* CreateDreamViewController.swift */ = {isa = PBXFileReference; lastKnownFileType = sourcecode.swift; path = CreateDreamViewController.swift; sourceTree = "<group>"; };
		BF330A11242B6F0700271BFC /* CreateDreamViewReactor.swift */ = {isa = PBXFileReference; lastKnownFileType = sourcecode.swift; path = CreateDreamViewReactor.swift; sourceTree = "<group>"; };
		BF43271124273F2A00B1A9DE /* SearchQuery.swift */ = {isa = PBXFileReference; lastKnownFileType = sourcecode.swift; path = SearchQuery.swift; sourceTree = "<group>"; };
		BF4327132428800B00B1A9DE /* User.swift */ = {isa = PBXFileReference; fileEncoding = 4; lastKnownFileType = sourcecode.swift; path = User.swift; sourceTree = "<group>"; };
		BF4327152428C94100B1A9DE /* ReachabilityManager.swift */ = {isa = PBXFileReference; lastKnownFileType = sourcecode.swift; path = ReachabilityManager.swift; sourceTree = "<group>"; };
		BF4327192428DE4E00B1A9DE /* ToastView.swift */ = {isa = PBXFileReference; fileEncoding = 4; lastKnownFileType = sourcecode.swift; path = ToastView.swift; sourceTree = "<group>"; };
		BF43271D2428DEEC00B1A9DE /* UIViewController.swift */ = {isa = PBXFileReference; lastKnownFileType = sourcecode.swift; path = UIViewController.swift; sourceTree = "<group>"; };
		BF43271F2428F80D00B1A9DE /* CoverView.swift */ = {isa = PBXFileReference; lastKnownFileType = sourcecode.swift; path = CoverView.swift; sourceTree = "<group>"; };
		BF4327242429DF1500B1A9DE /* CALayer+RxTheme.swift */ = {isa = PBXFileReference; lastKnownFileType = sourcecode.swift; path = "CALayer+RxTheme.swift"; sourceTree = "<group>"; };
		BF4327262429EAA400B1A9DE /* MoreFlow.swift */ = {isa = PBXFileReference; fileEncoding = 4; lastKnownFileType = sourcecode.swift; path = MoreFlow.swift; sourceTree = "<group>"; };
		BF4327282429F11900B1A9DE /* SnapKit.swift */ = {isa = PBXFileReference; lastKnownFileType = sourcecode.swift; path = SnapKit.swift; sourceTree = "<group>"; };
		BF43272A2429FFD200B1A9DE /* UIButton.swift */ = {isa = PBXFileReference; lastKnownFileType = sourcecode.swift; path = UIButton.swift; sourceTree = "<group>"; };
		BF43272C242A345800B1A9DE /* SummaryDreamTableViewCell.swift */ = {isa = PBXFileReference; lastKnownFileType = sourcecode.swift; path = SummaryDreamTableViewCell.swift; sourceTree = "<group>"; };
		BF43272E242A352600B1A9DE /* Keys.swift */ = {isa = PBXFileReference; lastKnownFileType = sourcecode.swift; path = Keys.swift; sourceTree = "<group>"; };
		BF432730242A366700B1A9DE /* UIImage.swift */ = {isa = PBXFileReference; lastKnownFileType = sourcecode.swift; path = UIImage.swift; sourceTree = "<group>"; };
		BF432732242A38FA00B1A9DE /* Category.swift */ = {isa = PBXFileReference; lastKnownFileType = sourcecode.swift; path = Category.swift; sourceTree = "<group>"; };
		BF432734242B2DC900B1A9DE /* Spinner.swift */ = {isa = PBXFileReference; lastKnownFileType = sourcecode.swift; path = Spinner.swift; sourceTree = "<group>"; };
		BF44546F241E3FF800632E38 /* Mongli.app */ = {isa = PBXFileReference; explicitFileType = wrapper.application; includeInIndex = 0; path = Mongli.app; sourceTree = BUILT_PRODUCTS_DIR; };
		BF445472241E3FF800632E38 /* AppDelegate.swift */ = {isa = PBXFileReference; lastKnownFileType = sourcecode.swift; path = AppDelegate.swift; sourceTree = "<group>"; };
		BF445476241E3FF800632E38 /* SignInViewController.swift */ = {isa = PBXFileReference; lastKnownFileType = sourcecode.swift; path = SignInViewController.swift; sourceTree = "<group>"; };
		BF44547B241E3FFA00632E38 /* Assets.xcassets */ = {isa = PBXFileReference; lastKnownFileType = folder.assetcatalog; path = Assets.xcassets; sourceTree = "<group>"; };
		BF44547E241E3FFA00632E38 /* Base */ = {isa = PBXFileReference; lastKnownFileType = file.storyboard; name = Base; path = Base.lproj/LaunchScreen.storyboard; sourceTree = "<group>"; };
		BF445480241E3FFA00632E38 /* Info.plist */ = {isa = PBXFileReference; lastKnownFileType = text.plist.xml; path = Info.plist; sourceTree = "<group>"; };
		BF445485241E3FFA00632E38 /* MongliTests.xctest */ = {isa = PBXFileReference; explicitFileType = wrapper.cfbundle; includeInIndex = 0; path = MongliTests.xctest; sourceTree = BUILT_PRODUCTS_DIR; };
		BF445489241E3FFA00632E38 /* MongliTests.swift */ = {isa = PBXFileReference; lastKnownFileType = sourcecode.swift; path = MongliTests.swift; sourceTree = "<group>"; };
		BF44548B241E3FFA00632E38 /* Info.plist */ = {isa = PBXFileReference; lastKnownFileType = text.plist.xml; path = Info.plist; sourceTree = "<group>"; };
		BF445490241E3FFA00632E38 /* MongliUITests.xctest */ = {isa = PBXFileReference; explicitFileType = wrapper.cfbundle; includeInIndex = 0; path = MongliUITests.xctest; sourceTree = BUILT_PRODUCTS_DIR; };
		BF445494241E3FFA00632E38 /* MongliUITests.swift */ = {isa = PBXFileReference; lastKnownFileType = sourcecode.swift; path = MongliUITests.swift; sourceTree = "<group>"; };
		BF445496241E3FFA00632E38 /* Info.plist */ = {isa = PBXFileReference; lastKnownFileType = text.plist.xml; path = Info.plist; sourceTree = "<group>"; };
		BF4454AC241F95D300632E38 /* LogManager.swift */ = {isa = PBXFileReference; lastKnownFileType = sourcecode.swift; path = LogManager.swift; sourceTree = "<group>"; };
		BF4454B1241FA63600632E38 /* Token.swift */ = {isa = PBXFileReference; lastKnownFileType = sourcecode.swift; path = Token.swift; sourceTree = "<group>"; };
		BF4454B3241FA63D00632E38 /* Analysis.swift */ = {isa = PBXFileReference; lastKnownFileType = sourcecode.swift; path = Analysis.swift; sourceTree = "<group>"; };
		BF4454BB2420A93500632E38 /* TokenManager.swift */ = {isa = PBXFileReference; lastKnownFileType = sourcecode.swift; path = TokenManager.swift; sourceTree = "<group>"; };
		BF4454BD2420ACB400632E38 /* Dream.swift */ = {isa = PBXFileReference; lastKnownFileType = sourcecode.swift; path = Dream.swift; sourceTree = "<group>"; };
		BF4454C02420F59400632E38 /* MongliAPI.swift */ = {isa = PBXFileReference; lastKnownFileType = sourcecode.swift; path = MongliAPI.swift; sourceTree = "<group>"; };
		BF4454C3242108F100632E38 /* .swiftlint.yml */ = {isa = PBXFileReference; lastKnownFileType = text.yaml; path = .swiftlint.yml; sourceTree = "<group>"; };
		BF4454C524210AC800632E38 /* StorageManager.swift */ = {isa = PBXFileReference; lastKnownFileType = sourcecode.swift; path = StorageManager.swift; sourceTree = "<group>"; };
		BF4454C82421130400632E38 /* Realm.swift */ = {isa = PBXFileReference; lastKnownFileType = sourcecode.swift; path = Realm.swift; sourceTree = "<group>"; };
		BF4454CD24211F1D00632E38 /* ServiceType.swift */ = {isa = PBXFileReference; lastKnownFileType = sourcecode.swift; path = ServiceType.swift; sourceTree = "<group>"; };
		BF4454CF24211FCD00632E38 /* NetworkResult.swift */ = {isa = PBXFileReference; lastKnownFileType = sourcecode.swift; path = NetworkResult.swift; sourceTree = "<group>"; };
		BF4454D12421ED7B00632E38 /* Service.swift */ = {isa = PBXFileReference; lastKnownFileType = sourcecode.swift; path = Service.swift; sourceTree = "<group>"; };
		BF4454D924225C3000632E38 /* en */ = {isa = PBXFileReference; lastKnownFileType = text.plist.strings; name = en; path = en.lproj/Localizable.strings; sourceTree = "<group>"; };
		BF4454DB24225CBC00632E38 /* ko */ = {isa = PBXFileReference; lastKnownFileType = file.storyboard; name = ko; path = ko.lproj/LaunchScreen.storyboard; sourceTree = "<group>"; };
		BF4454DC24225CBC00632E38 /* ko */ = {isa = PBXFileReference; lastKnownFileType = text.plist.strings; name = ko; path = ko.lproj/Localizable.strings; sourceTree = "<group>"; };
		BF4454DD24225EF600632E38 /* LocalizedString.swift */ = {isa = PBXFileReference; lastKnownFileType = sourcecode.swift; path = LocalizedString.swift; sourceTree = "<group>"; };
		BF4454DF2422683700632E38 /* AuthService.swift */ = {isa = PBXFileReference; lastKnownFileType = sourcecode.swift; path = AuthService.swift; sourceTree = "<group>"; };
		BF4454E12422701000632E38 /* DreamService.swift */ = {isa = PBXFileReference; lastKnownFileType = sourcecode.swift; path = DreamService.swift; sourceTree = "<group>"; };
		BF4454E42423703000632E38 /* MongliStep.swift */ = {isa = PBXFileReference; lastKnownFileType = sourcecode.swift; path = MongliStep.swift; sourceTree = "<group>"; };
		BF4454E624238DB800632E38 /* AppFlow.swift */ = {isa = PBXFileReference; lastKnownFileType = sourcecode.swift; path = AppFlow.swift; sourceTree = "<group>"; };
		BF4454EA24239CFB00632E38 /* BaseViewController.swift */ = {isa = PBXFileReference; lastKnownFileType = sourcecode.swift; path = BaseViewController.swift; sourceTree = "<group>"; };
		BF4454F6242444BF00632E38 /* SignInViewReactor.swift */ = {isa = PBXFileReference; lastKnownFileType = sourcecode.swift; path = SignInViewReactor.swift; sourceTree = "<group>"; };
		BF4454FA24244A7500632E38 /* HomeViewController.swift */ = {isa = PBXFileReference; lastKnownFileType = sourcecode.swift; path = HomeViewController.swift; sourceTree = "<group>"; };
		BF4454FC24244E7000632E38 /* HomeViewReactor.swift */ = {isa = PBXFileReference; lastKnownFileType = sourcecode.swift; path = HomeViewReactor.swift; sourceTree = "<group>"; };
		BF4454FE24244E9600632E38 /* MoreViewController.swift */ = {isa = PBXFileReference; lastKnownFileType = sourcecode.swift; path = MoreViewController.swift; sourceTree = "<group>"; };
		BF44550024244EA000632E38 /* MoreViewReactor.swift */ = {isa = PBXFileReference; lastKnownFileType = sourcecode.swift; path = MoreViewReactor.swift; sourceTree = "<group>"; };
		BF44550224244ECF00632E38 /* SearchViewController.swift */ = {isa = PBXFileReference; lastKnownFileType = sourcecode.swift; path = SearchViewController.swift; sourceTree = "<group>"; };
		BF44550424244ED800632E38 /* SearchViewReactor.swift */ = {isa = PBXFileReference; lastKnownFileType = sourcecode.swift; path = SearchViewReactor.swift; sourceTree = "<group>"; };
		BF44550624244F7700632E38 /* TabBarFlow.swift */ = {isa = PBXFileReference; lastKnownFileType = sourcecode.swift; path = TabBarFlow.swift; sourceTree = "<group>"; };
		BF4455082424507100632E38 /* HomeFlow.swift */ = {isa = PBXFileReference; lastKnownFileType = sourcecode.swift; path = HomeFlow.swift; sourceTree = "<group>"; };
		BF44550A2424507B00632E38 /* SearchFlow.swift */ = {isa = PBXFileReference; lastKnownFileType = sourcecode.swift; path = SearchFlow.swift; sourceTree = "<group>"; };
		BF44550E242453CB00632E38 /* RxFlow.swift */ = {isa = PBXFileReference; lastKnownFileType = sourcecode.swift; path = RxFlow.swift; sourceTree = "<group>"; };
		BF445510242484A300632E38 /* Mongli.entitlements */ = {isa = PBXFileReference; lastKnownFileType = text.plist.entitlements; path = Mongli.entitlements; sourceTree = "<group>"; };
		BF4455112424D16100632E38 /* Theme.swift */ = {isa = PBXFileReference; lastKnownFileType = sourcecode.swift; path = Theme.swift; sourceTree = "<group>"; };
		BF4455132424DC0300632E38 /* UIColor.swift */ = {isa = PBXFileReference; lastKnownFileType = sourcecode.swift; path = UIColor.swift; sourceTree = "<group>"; };
		BF4455152424E74E00632E38 /* 12롯데마트행복Bold.ttf */ = {isa = PBXFileReference; lastKnownFileType = file; name = "12롯데마트행복Bold.ttf"; path = "../12롯데마트행복Bold.ttf"; sourceTree = "<group>"; };
		BF4455162424E74F00632E38 /* 12롯데마트행복Light.ttf */ = {isa = PBXFileReference; lastKnownFileType = file; name = "12롯데마트행복Light.ttf"; path = "../12롯데마트행복Light.ttf"; sourceTree = "<group>"; };
		BF4455172424E74F00632E38 /* 12롯데마트행복Medium.ttf */ = {isa = PBXFileReference; lastKnownFileType = file; name = "12롯데마트행복Medium.ttf"; path = "../12롯데마트행복Medium.ttf"; sourceTree = "<group>"; };
		BF44551B2424E93900632E38 /* FontManager.swift */ = {isa = PBXFileReference; lastKnownFileType = sourcecode.swift; path = FontManager.swift; sourceTree = "<group>"; };
		BF4455202424F89B00632E38 /* LogoView.swift */ = {isa = PBXFileReference; lastKnownFileType = sourcecode.swift; path = LogoView.swift; sourceTree = "<group>"; };
		BF44552B2425019200632E38 /* UILabel.swift */ = {isa = PBXFileReference; lastKnownFileType = sourcecode.swift; path = UILabel.swift; sourceTree = "<group>"; };
		BF44552D2425D7AC00632E38 /* ASAuthorizationAppleIDButton+Rx.swift */ = {isa = PBXFileReference; lastKnownFileType = sourcecode.swift; path = "ASAuthorizationAppleIDButton+Rx.swift"; sourceTree = "<group>"; };
		BFB0A90E242CDD0600BCBFD4 /* DreamView.swift */ = {isa = PBXFileReference; lastKnownFileType = sourcecode.swift; path = DreamView.swift; sourceTree = "<group>"; };
		BFB0A910242CDEBD00BCBFD4 /* Spinner+Rx.swift */ = {isa = PBXFileReference; lastKnownFileType = sourcecode.swift; path = "Spinner+Rx.swift"; sourceTree = "<group>"; };
		BFB0A912242CE31B00BCBFD4 /* CategoryButton.swift */ = {isa = PBXFileReference; lastKnownFileType = sourcecode.swift; path = CategoryButton.swift; sourceTree = "<group>"; };
		BFB0A914242CFDEE00BCBFD4 /* ObservableType.swift */ = {isa = PBXFileReference; lastKnownFileType = sourcecode.swift; path = ObservableType.swift; sourceTree = "<group>"; };
		BFBFB6392432D24600C15CDD /* GoogleService-Info.plist */ = {isa = PBXFileReference; fileEncoding = 4; lastKnownFileType = text.plist.xml; path = "GoogleService-Info.plist"; sourceTree = "<group>"; };
		BFBFB63B2432E1A500C15CDD /* privateKey */ = {isa = PBXFileReference; fileEncoding = 4; lastKnownFileType = text; path = privateKey; sourceTree = "<group>"; };
		BFBFB6422435B93700C15CDD /* ReadDreamViewController.swift */ = {isa = PBXFileReference; fileEncoding = 4; lastKnownFileType = sourcecode.swift; path = ReadDreamViewController.swift; sourceTree = "<group>"; };
		BFBFB6442435B94B00C15CDD /* UpdateDreamViewReactor.swift */ = {isa = PBXFileReference; lastKnownFileType = sourcecode.swift; path = UpdateDreamViewReactor.swift; sourceTree = "<group>"; };
		BFBFB6452435B94B00C15CDD /* UpdateDreamViewController.swift */ = {isa = PBXFileReference; lastKnownFileType = sourcecode.swift; path = UpdateDreamViewController.swift; sourceTree = "<group>"; };
		BFBFB64A2435DD4B00C15CDD /* UIGestureRecognizer+Rx.swift */ = {isa = PBXFileReference; lastKnownFileType = sourcecode.swift; path = "UIGestureRecognizer+Rx.swift"; sourceTree = "<group>"; };
		BFBFB6502436138600C15CDD /* CategoryInfoViewController.swift */ = {isa = PBXFileReference; lastKnownFileType = sourcecode.swift; path = CategoryInfoViewController.swift; sourceTree = "<group>"; };
		BFBFB652243613F000C15CDD /* BottomButton.swift */ = {isa = PBXFileReference; lastKnownFileType = sourcecode.swift; path = BottomButton.swift; sourceTree = "<group>"; };
		BFBFB65424361DC900C15CDD /* UILabel+RxTheme.swift */ = {isa = PBXFileReference; lastKnownFileType = sourcecode.swift; path = "UILabel+RxTheme.swift"; sourceTree = "<group>"; };
		CA40BC9856DA164441271022 /* Pods_Mongli_MongliUITests.framework */ = {isa = PBXFileReference; explicitFileType = wrapper.framework; includeInIndex = 0; path = Pods_Mongli_MongliUITests.framework; sourceTree = BUILT_PRODUCTS_DIR; };
		D972BF9E0BDB5CA1D924C9BD /* Pods-MongliTests.release.xcconfig */ = {isa = PBXFileReference; includeInIndex = 1; lastKnownFileType = text.xcconfig; name = "Pods-MongliTests.release.xcconfig"; path = "Target Support Files/Pods-MongliTests/Pods-MongliTests.release.xcconfig"; sourceTree = "<group>"; };
		E376809359816E39573CC6B7 /* Pods-MongliTests.debug.xcconfig */ = {isa = PBXFileReference; includeInIndex = 1; lastKnownFileType = text.xcconfig; name = "Pods-MongliTests.debug.xcconfig"; path = "Target Support Files/Pods-MongliTests/Pods-MongliTests.debug.xcconfig"; sourceTree = "<group>"; };
		E6378971A88ED86DF20C96E6 /* Pods-Mongli.debug.xcconfig */ = {isa = PBXFileReference; includeInIndex = 1; lastKnownFileType = text.xcconfig; name = "Pods-Mongli.debug.xcconfig"; path = "Target Support Files/Pods-Mongli/Pods-Mongli.debug.xcconfig"; sourceTree = "<group>"; };
		E9C8532DF38AFBF67EEC00F6 /* Pods-Mongli-MongliUITests.debug.xcconfig */ = {isa = PBXFileReference; includeInIndex = 1; lastKnownFileType = text.xcconfig; name = "Pods-Mongli-MongliUITests.debug.xcconfig"; path = "Target Support Files/Pods-Mongli-MongliUITests/Pods-Mongli-MongliUITests.debug.xcconfig"; sourceTree = "<group>"; };
/* End PBXFileReference section */

/* Begin PBXFrameworksBuildPhase section */
		BF44546C241E3FF800632E38 /* Frameworks */ = {
			isa = PBXFrameworksBuildPhase;
			buildActionMask = 2147483647;
			files = (
				3DCE17D7778FA759B09C2E49 /* Pods_Mongli.framework in Frameworks */,
			);
			runOnlyForDeploymentPostprocessing = 0;
		};
		BF445482241E3FFA00632E38 /* Frameworks */ = {
			isa = PBXFrameworksBuildPhase;
			buildActionMask = 2147483647;
			files = (
				74492B166BA435CC3A967352 /* Pods_MongliTests.framework in Frameworks */,
			);
			runOnlyForDeploymentPostprocessing = 0;
		};
		BF44548D241E3FFA00632E38 /* Frameworks */ = {
			isa = PBXFrameworksBuildPhase;
			buildActionMask = 2147483647;
			files = (
				F11FEC0AE88C692D0025B94E /* Pods_Mongli_MongliUITests.framework in Frameworks */,
			);
			runOnlyForDeploymentPostprocessing = 0;
		};
/* End PBXFrameworksBuildPhase section */

/* Begin PBXGroup section */
		7CAD2C70FCA2E750F4857B80 /* Frameworks */ = {
			isa = PBXGroup;
			children = (
				0D91CE847018A2125172549A /* Pods_Mongli.framework */,
				CA40BC9856DA164441271022 /* Pods_Mongli_MongliUITests.framework */,
				B839494DEDC6F490336E6031 /* Pods_MongliTests.framework */,
			);
			name = Frameworks;
			sourceTree = "<group>";
		};
		BF43271B2428DEC900B1A9DE /* UIKit */ = {
			isa = PBXGroup;
			children = (
				BF4455132424DC0300632E38 /* UIColor.swift */,
				BF44552B2425019200632E38 /* UILabel.swift */,
				BF43271D2428DEEC00B1A9DE /* UIViewController.swift */,
				BF43272A2429FFD200B1A9DE /* UIButton.swift */,
				BF432730242A366700B1A9DE /* UIImage.swift */,
			);
			path = UIKit;
			sourceTree = "<group>";
		};
		BF43271C2428DED100B1A9DE /* Rx */ = {
			isa = PBXGroup;
			children = (
				BF44552D2425D7AC00632E38 /* ASAuthorizationAppleIDButton+Rx.swift */,
				BF4327242429DF1500B1A9DE /* CALayer+RxTheme.swift */,
				BF330A06242B462600271BFC /* FSCalendar+RxTheme.swift */,
				BFB0A914242CFDEE00BCBFD4 /* ObservableType.swift */,
				BF44550E242453CB00632E38 /* RxFlow.swift */,
				BFB0A910242CDEBD00BCBFD4 /* Spinner+Rx.swift */,
				BFBFB64A2435DD4B00C15CDD /* UIGestureRecognizer+Rx.swift */,
				BFBFB65424361DC900C15CDD /* UILabel+RxTheme.swift */,
			);
			path = Rx;
			sourceTree = "<group>";
		};
		BF445466241E3FF800632E38 = {
			isa = PBXGroup;
			children = (
				BF4454C3242108F100632E38 /* .swiftlint.yml */,
				BF445471241E3FF800632E38 /* Mongli */,
				BF445488241E3FFA00632E38 /* MongliTests */,
				BF445493241E3FFA00632E38 /* MongliUITests */,
				E0775431A7061DB59336AF34 /* Pods */,
				BF445470241E3FF800632E38 /* Products */,
				7CAD2C70FCA2E750F4857B80 /* Frameworks */,
			);
			sourceTree = "<group>";
		};
		BF445470241E3FF800632E38 /* Products */ = {
			isa = PBXGroup;
			children = (
				BF44546F241E3FF800632E38 /* Mongli.app */,
				BF445485241E3FFA00632E38 /* MongliTests.xctest */,
				BF445490241E3FFA00632E38 /* MongliUITests.xctest */,
			);
			name = Products;
			sourceTree = "<group>";
		};
		BF445471241E3FF800632E38 /* Mongli */ = {
			isa = PBXGroup;
			children = (
				BF4454A3241F4F7C00632E38 /* Resource */,
				BF4454A2241F4F7600632E38 /* Source */,
				BF4454A4241F4FFE00632E38 /* Supporting Files */,
			);
			path = Mongli;
			sourceTree = "<group>";
		};
		BF445488241E3FFA00632E38 /* MongliTests */ = {
			isa = PBXGroup;
			children = (
				BF445489241E3FFA00632E38 /* MongliTests.swift */,
				BF44548B241E3FFA00632E38 /* Info.plist */,
			);
			path = MongliTests;
			sourceTree = "<group>";
		};
		BF445493241E3FFA00632E38 /* MongliUITests */ = {
			isa = PBXGroup;
			children = (
				BF445494241E3FFA00632E38 /* MongliUITests.swift */,
				BF445496241E3FFA00632E38 /* Info.plist */,
			);
			path = MongliUITests;
			sourceTree = "<group>";
		};
		BF4454A2241F4F7600632E38 /* Source */ = {
			isa = PBXGroup;
			children = (
				BF4454A9241F942600632E38 /* Application */,
				BF44551D2424F3CC00632E38 /* Components */,
				BF4454D524225B2300632E38 /* Custom */,
				BF4454C7242112F900632E38 /* Extensions */,
				BF4454E324236E5500632E38 /* Flows */,
				BF4454AB241F959600632E38 /* Managers */,
				BF4454AE241F983F00632E38 /* Models */,
				BF4454AA241F957600632E38 /* Modules */,
				BF4454BF2420F54600632E38 /* Networking */,
				BF4454CA24211BCD00632E38 /* Services */,
			);
			path = Source;
			sourceTree = "<group>";
		};
		BF4454A3241F4F7C00632E38 /* Resource */ = {
			isa = PBXGroup;
			children = (
				BF4455282424FE9700632E38 /* Fonts */,
				BF44547B241E3FFA00632E38 /* Assets.xcassets */,
				BF44547D241E3FFA00632E38 /* LaunchScreen.storyboard */,
				BF4454DA24225C3000632E38 /* Localizable.strings */,
				BFBFB63B2432E1A500C15CDD /* privateKey */,
			);
			path = Resource;
			sourceTree = "<group>";
		};
		BF4454A4241F4FFE00632E38 /* Supporting Files */ = {
			isa = PBXGroup;
			children = (
				BFBFB6392432D24600C15CDD /* GoogleService-Info.plist */,
				BF445510242484A300632E38 /* Mongli.entitlements */,
				BF445480241E3FFA00632E38 /* Info.plist */,
			);
			path = "Supporting Files";
			sourceTree = "<group>";
		};
		BF4454A9241F942600632E38 /* Application */ = {
			isa = PBXGroup;
			children = (
				BF445472241E3FF800632E38 /* AppDelegate.swift */,
			);
			path = Application;
			sourceTree = "<group>";
		};
		BF4454AA241F957600632E38 /* Modules */ = {
			isa = PBXGroup;
			children = (
				BF4454EA24239CFB00632E38 /* BaseViewController.swift */,
				BF4454F32424429F00632E38 /* CreateDream */,
				BF4454F0242441AA00632E38 /* Home */,
				BF4454F22424429600632E38 /* More */,
				BF4454F4242442D400632E38 /* ReadDream */,
				BF4454F12424429100632E38 /* Search */,
				BF4454E824239CBB00632E38 /* SignIn */,
				BFBFB64F2436135600C15CDD /* Statics */,
				BFBFB6412435B90300C15CDD /* UpdateDream */,
			);
			path = Modules;
			sourceTree = "<group>";
		};
		BF4454AB241F959600632E38 /* Managers */ = {
			isa = PBXGroup;
			children = (
				BF4454AC241F95D300632E38 /* LogManager.swift */,
				BF4454BB2420A93500632E38 /* TokenManager.swift */,
				BF4454C524210AC800632E38 /* StorageManager.swift */,
				BF44551B2424E93900632E38 /* FontManager.swift */,
				BF4327152428C94100B1A9DE /* ReachabilityManager.swift */,
			);
			path = Managers;
			sourceTree = "<group>";
		};
		BF4454AE241F983F00632E38 /* Models */ = {
			isa = PBXGroup;
			children = (
				BF4327132428800B00B1A9DE /* User.swift */,
				BF4454B1241FA63600632E38 /* Token.swift */,
				BF4454B3241FA63D00632E38 /* Analysis.swift */,
				BF4454BD2420ACB400632E38 /* Dream.swift */,
				BF43271124273F2A00B1A9DE /* SearchQuery.swift */,
			);
			path = Models;
			sourceTree = "<group>";
		};
		BF4454BF2420F54600632E38 /* Networking */ = {
			isa = PBXGroup;
			children = (
				BF4454C02420F59400632E38 /* MongliAPI.swift */,
			);
			path = Networking;
			sourceTree = "<group>";
		};
		BF4454C7242112F900632E38 /* Extensions */ = {
			isa = PBXGroup;
			children = (
				BF43271C2428DED100B1A9DE /* Rx */,
				BF43271B2428DEC900B1A9DE /* UIKit */,
				BF4454C82421130400632E38 /* Realm.swift */,
				BF4327282429F11900B1A9DE /* SnapKit.swift */,
			);
			path = Extensions;
			sourceTree = "<group>";
		};
		BF4454CA24211BCD00632E38 /* Services */ = {
			isa = PBXGroup;
			children = (
				BF4454DF2422683700632E38 /* AuthService.swift */,
				BF4454E12422701000632E38 /* DreamService.swift */,
				BF4454D12421ED7B00632E38 /* Service.swift */,
				BF4454CD24211F1D00632E38 /* ServiceType.swift */,
			);
			path = Services;
			sourceTree = "<group>";
		};
		BF4454D524225B2300632E38 /* Custom */ = {
			isa = PBXGroup;
			children = (
				BF432732242A38FA00B1A9DE /* Category.swift */,
				BF330A0A242B5CDE00271BFC /* GlobalProperties.swift */,
				BF43272E242A352600B1A9DE /* Keys.swift */,
				BF4454DD24225EF600632E38 /* LocalizedString.swift */,
				BF4454CF24211FCD00632E38 /* NetworkResult.swift */,
				BF4455112424D16100632E38 /* Theme.swift */,
			);
			path = Custom;
			sourceTree = "<group>";
		};
		BF4454E324236E5500632E38 /* Flows */ = {
			isa = PBXGroup;
			children = (
				BF4454E624238DB800632E38 /* AppFlow.swift */,
				BF4455082424507100632E38 /* HomeFlow.swift */,
				BF4454E42423703000632E38 /* MongliStep.swift */,
				BF4327262429EAA400B1A9DE /* MoreFlow.swift */,
				BF44550A2424507B00632E38 /* SearchFlow.swift */,
				BF44550624244F7700632E38 /* TabBarFlow.swift */,
			);
			path = Flows;
			sourceTree = "<group>";
		};
		BF4454E824239CBB00632E38 /* SignIn */ = {
			isa = PBXGroup;
			children = (
				BF445476241E3FF800632E38 /* SignInViewController.swift */,
				BF4454F6242444BF00632E38 /* SignInViewReactor.swift */,
			);
			path = SignIn;
			sourceTree = "<group>";
		};
		BF4454F0242441AA00632E38 /* Home */ = {
			isa = PBXGroup;
			children = (
				BF4454FA24244A7500632E38 /* HomeViewController.swift */,
				BF4454FC24244E7000632E38 /* HomeViewReactor.swift */,
			);
			path = Home;
			sourceTree = "<group>";
		};
		BF4454F12424429100632E38 /* Search */ = {
			isa = PBXGroup;
			children = (
				BF44550224244ECF00632E38 /* SearchViewController.swift */,
				BF44550424244ED800632E38 /* SearchViewReactor.swift */,
			);
			path = Search;
			sourceTree = "<group>";
		};
		BF4454F22424429600632E38 /* More */ = {
			isa = PBXGroup;
			children = (
				BF4454FE24244E9600632E38 /* MoreViewController.swift */,
				BF44550024244EA000632E38 /* MoreViewReactor.swift */,
			);
			path = More;
			sourceTree = "<group>";
		};
		BF4454F32424429F00632E38 /* CreateDream */ = {
			isa = PBXGroup;
			children = (
				BF330A10242B6F0700271BFC /* CreateDreamViewController.swift */,
				BF330A11242B6F0700271BFC /* CreateDreamViewReactor.swift */,
			);
			path = CreateDream;
			sourceTree = "<group>";
		};
		BF4454F4242442D400632E38 /* ReadDream */ = {
			isa = PBXGroup;
			children = (
				BFBFB6422435B93700C15CDD /* ReadDreamViewController.swift */,
				BF330A0E242B6F0200271BFC /* ReadDreamViewReactor.swift */,
			);
			path = ReadDream;
			sourceTree = "<group>";
		};
		BF44551D2424F3CC00632E38 /* Components */ = {
			isa = PBXGroup;
			children = (
				BFB0A912242CE31B00BCBFD4 /* CategoryButton.swift */,
				BF43271F2428F80D00B1A9DE /* CoverView.swift */,
				BFB0A90E242CDD0600BCBFD4 /* DreamView.swift */,
				BF4455202424F89B00632E38 /* LogoView.swift */,
				BF330A0C242B5F8400271BFC /* PlaceholderView.swift */,
				BF432734242B2DC900B1A9DE /* Spinner.swift */,
				BF43272C242A345800B1A9DE /* SummaryDreamTableViewCell.swift */,
				BF4327192428DE4E00B1A9DE /* ToastView.swift */,
				BFBFB652243613F000C15CDD /* BottomButton.swift */,
			);
			path = Components;
			sourceTree = "<group>";
		};
		BF4455282424FE9700632E38 /* Fonts */ = {
			isa = PBXGroup;
			children = (
				BF4455152424E74E00632E38 /* 12롯데마트행복Bold.ttf */,
				BF4455162424E74F00632E38 /* 12롯데마트행복Light.ttf */,
				BF4455172424E74F00632E38 /* 12롯데마트행복Medium.ttf */,
			);
			path = Fonts;
			sourceTree = "<group>";
		};
		BFBFB6412435B90300C15CDD /* UpdateDream */ = {
			isa = PBXGroup;
			children = (
				BFBFB6452435B94B00C15CDD /* UpdateDreamViewController.swift */,
				BFBFB6442435B94B00C15CDD /* UpdateDreamViewReactor.swift */,
			);
			path = UpdateDream;
			sourceTree = "<group>";
		};
		BFBFB64F2436135600C15CDD /* Statics */ = {
			isa = PBXGroup;
			children = (
				BFBFB6502436138600C15CDD /* CategoryInfoViewController.swift */,
			);
			path = Statics;
			sourceTree = "<group>";
		};
		E0775431A7061DB59336AF34 /* Pods */ = {
			isa = PBXGroup;
			children = (
				E6378971A88ED86DF20C96E6 /* Pods-Mongli.debug.xcconfig */,
				5FC16AFACA234A05573030B5 /* Pods-Mongli.release.xcconfig */,
				E9C8532DF38AFBF67EEC00F6 /* Pods-Mongli-MongliUITests.debug.xcconfig */,
				BCBCB1D1B35A99011F0A4783 /* Pods-Mongli-MongliUITests.release.xcconfig */,
				E376809359816E39573CC6B7 /* Pods-MongliTests.debug.xcconfig */,
				D972BF9E0BDB5CA1D924C9BD /* Pods-MongliTests.release.xcconfig */,
			);
			path = Pods;
			sourceTree = "<group>";
		};
/* End PBXGroup section */

/* Begin PBXNativeTarget section */
		BF44546E241E3FF800632E38 /* Mongli */ = {
			isa = PBXNativeTarget;
			buildConfigurationList = BF445499241E3FFA00632E38 /* Build configuration list for PBXNativeTarget "Mongli" */;
			buildPhases = (
				7D28691C9757D5FC4BD0BD7D /* [CP] Check Pods Manifest.lock */,
				BF44546B241E3FF800632E38 /* Sources */,
				BF44546C241E3FF800632E38 /* Frameworks */,
				BF44546D241E3FF800632E38 /* Resources */,
				A1D834FBD26CD28FEC880F3D /* [CP] Embed Pods Frameworks */,
				BF4454C22420FA1800632E38 /* Swift Lint */,
			);
			buildRules = (
			);
			dependencies = (
			);
			name = Mongli;
			productName = Mongli;
			productReference = BF44546F241E3FF800632E38 /* Mongli.app */;
			productType = "com.apple.product-type.application";
		};
		BF445484241E3FFA00632E38 /* MongliTests */ = {
			isa = PBXNativeTarget;
			buildConfigurationList = BF44549C241E3FFA00632E38 /* Build configuration list for PBXNativeTarget "MongliTests" */;
			buildPhases = (
				2DC03829AD6FF5075799B6F2 /* [CP] Check Pods Manifest.lock */,
				BF445481241E3FFA00632E38 /* Sources */,
				BF445482241E3FFA00632E38 /* Frameworks */,
				BF445483241E3FFA00632E38 /* Resources */,
			);
			buildRules = (
			);
			dependencies = (
				BF445487241E3FFA00632E38 /* PBXTargetDependency */,
			);
			name = MongliTests;
			productName = MongliTests;
			productReference = BF445485241E3FFA00632E38 /* MongliTests.xctest */;
			productType = "com.apple.product-type.bundle.unit-test";
		};
		BF44548F241E3FFA00632E38 /* MongliUITests */ = {
			isa = PBXNativeTarget;
			buildConfigurationList = BF44549F241E3FFA00632E38 /* Build configuration list for PBXNativeTarget "MongliUITests" */;
			buildPhases = (
				DBB8729BE36E25342B23DC65 /* [CP] Check Pods Manifest.lock */,
				BF44548C241E3FFA00632E38 /* Sources */,
				BF44548D241E3FFA00632E38 /* Frameworks */,
				BF44548E241E3FFA00632E38 /* Resources */,
				519584E55E2DBD385E3092BC /* [CP] Embed Pods Frameworks */,
			);
			buildRules = (
			);
			dependencies = (
				BF445492241E3FFA00632E38 /* PBXTargetDependency */,
			);
			name = MongliUITests;
			productName = MongliUITests;
			productReference = BF445490241E3FFA00632E38 /* MongliUITests.xctest */;
			productType = "com.apple.product-type.bundle.ui-testing";
		};
/* End PBXNativeTarget section */

/* Begin PBXProject section */
		BF445467241E3FF800632E38 /* Project object */ = {
			isa = PBXProject;
			attributes = {
				LastSwiftUpdateCheck = 1130;
				LastUpgradeCheck = 1130;
				ORGANIZATIONNAME = "DaEun Kim";
				TargetAttributes = {
					BF44546E241E3FF800632E38 = {
						CreatedOnToolsVersion = 11.3.1;
					};
					BF445484241E3FFA00632E38 = {
						CreatedOnToolsVersion = 11.3.1;
						TestTargetID = BF44546E241E3FF800632E38;
					};
					BF44548F241E3FFA00632E38 = {
						CreatedOnToolsVersion = 11.3.1;
						TestTargetID = BF44546E241E3FF800632E38;
					};
				};
			};
			buildConfigurationList = BF44546A241E3FF800632E38 /* Build configuration list for PBXProject "Mongli" */;
			compatibilityVersion = "Xcode 9.3";
			developmentRegion = en;
			hasScannedForEncodings = 0;
			knownRegions = (
				en,
				Base,
				ko,
			);
			mainGroup = BF445466241E3FF800632E38;
			productRefGroup = BF445470241E3FF800632E38 /* Products */;
			projectDirPath = "";
			projectRoot = "";
			targets = (
				BF44546E241E3FF800632E38 /* Mongli */,
				BF445484241E3FFA00632E38 /* MongliTests */,
				BF44548F241E3FFA00632E38 /* MongliUITests */,
			);
		};
/* End PBXProject section */

/* Begin PBXResourcesBuildPhase section */
		BF44546D241E3FF800632E38 /* Resources */ = {
			isa = PBXResourcesBuildPhase;
			buildActionMask = 2147483647;
			files = (
				BF4454C4242108F100632E38 /* .swiftlint.yml in Resources */,
				BFBFB63C2432E1A500C15CDD /* privateKey in Resources */,
				BF44547F241E3FFA00632E38 /* LaunchScreen.storyboard in Resources */,
				BF44547C241E3FFA00632E38 /* Assets.xcassets in Resources */,
				BF4454D824225C3000632E38 /* Localizable.strings in Resources */,
				BF4455182424E87000632E38 /* 12롯데마트행복Bold.ttf in Resources */,
				BF44551A2424E87500632E38 /* 12롯데마트행복Medium.ttf in Resources */,
				BFBFB63A2432D24600C15CDD /* GoogleService-Info.plist in Resources */,
				BF4455192424E87200632E38 /* 12롯데마트행복Light.ttf in Resources */,
			);
			runOnlyForDeploymentPostprocessing = 0;
		};
		BF445483241E3FFA00632E38 /* Resources */ = {
			isa = PBXResourcesBuildPhase;
			buildActionMask = 2147483647;
			files = (
			);
			runOnlyForDeploymentPostprocessing = 0;
		};
		BF44548E241E3FFA00632E38 /* Resources */ = {
			isa = PBXResourcesBuildPhase;
			buildActionMask = 2147483647;
			files = (
			);
			runOnlyForDeploymentPostprocessing = 0;
		};
/* End PBXResourcesBuildPhase section */

/* Begin PBXShellScriptBuildPhase section */
		2DC03829AD6FF5075799B6F2 /* [CP] Check Pods Manifest.lock */ = {
			isa = PBXShellScriptBuildPhase;
			buildActionMask = 2147483647;
			files = (
			);
			inputFileListPaths = (
			);
			inputPaths = (
				"${PODS_PODFILE_DIR_PATH}/Podfile.lock",
				"${PODS_ROOT}/Manifest.lock",
			);
			name = "[CP] Check Pods Manifest.lock";
			outputFileListPaths = (
			);
			outputPaths = (
				"$(DERIVED_FILE_DIR)/Pods-MongliTests-checkManifestLockResult.txt",
			);
			runOnlyForDeploymentPostprocessing = 0;
			shellPath = /bin/sh;
			shellScript = "diff \"${PODS_PODFILE_DIR_PATH}/Podfile.lock\" \"${PODS_ROOT}/Manifest.lock\" > /dev/null\nif [ $? != 0 ] ; then\n    # print error to STDERR\n    echo \"error: The sandbox is not in sync with the Podfile.lock. Run 'pod install' or update your CocoaPods installation.\" >&2\n    exit 1\nfi\n# This output is used by Xcode 'outputs' to avoid re-running this script phase.\necho \"SUCCESS\" > \"${SCRIPT_OUTPUT_FILE_0}\"\n";
			showEnvVarsInLog = 0;
		};
		519584E55E2DBD385E3092BC /* [CP] Embed Pods Frameworks */ = {
			isa = PBXShellScriptBuildPhase;
			buildActionMask = 2147483647;
			files = (
			);
			inputFileListPaths = (
				"${PODS_ROOT}/Target Support Files/Pods-Mongli-MongliUITests/Pods-Mongli-MongliUITests-frameworks-${CONFIGURATION}-input-files.xcfilelist",
			);
			name = "[CP] Embed Pods Frameworks";
			outputFileListPaths = (
				"${PODS_ROOT}/Target Support Files/Pods-Mongli-MongliUITests/Pods-Mongli-MongliUITests-frameworks-${CONFIGURATION}-output-files.xcfilelist",
			);
			runOnlyForDeploymentPostprocessing = 0;
			shellPath = /bin/sh;
			shellScript = "\"${PODS_ROOT}/Target Support Files/Pods-Mongli-MongliUITests/Pods-Mongli-MongliUITests-frameworks.sh\"\n";
			showEnvVarsInLog = 0;
		};
		7D28691C9757D5FC4BD0BD7D /* [CP] Check Pods Manifest.lock */ = {
			isa = PBXShellScriptBuildPhase;
			buildActionMask = 2147483647;
			files = (
			);
			inputFileListPaths = (
			);
			inputPaths = (
				"${PODS_PODFILE_DIR_PATH}/Podfile.lock",
				"${PODS_ROOT}/Manifest.lock",
			);
			name = "[CP] Check Pods Manifest.lock";
			outputFileListPaths = (
			);
			outputPaths = (
				"$(DERIVED_FILE_DIR)/Pods-Mongli-checkManifestLockResult.txt",
			);
			runOnlyForDeploymentPostprocessing = 0;
			shellPath = /bin/sh;
			shellScript = "diff \"${PODS_PODFILE_DIR_PATH}/Podfile.lock\" \"${PODS_ROOT}/Manifest.lock\" > /dev/null\nif [ $? != 0 ] ; then\n    # print error to STDERR\n    echo \"error: The sandbox is not in sync with the Podfile.lock. Run 'pod install' or update your CocoaPods installation.\" >&2\n    exit 1\nfi\n# This output is used by Xcode 'outputs' to avoid re-running this script phase.\necho \"SUCCESS\" > \"${SCRIPT_OUTPUT_FILE_0}\"\n";
			showEnvVarsInLog = 0;
		};
		A1D834FBD26CD28FEC880F3D /* [CP] Embed Pods Frameworks */ = {
			isa = PBXShellScriptBuildPhase;
			buildActionMask = 2147483647;
			files = (
			);
			inputFileListPaths = (
				"${PODS_ROOT}/Target Support Files/Pods-Mongli/Pods-Mongli-frameworks-${CONFIGURATION}-input-files.xcfilelist",
			);
			name = "[CP] Embed Pods Frameworks";
			outputFileListPaths = (
				"${PODS_ROOT}/Target Support Files/Pods-Mongli/Pods-Mongli-frameworks-${CONFIGURATION}-output-files.xcfilelist",
			);
			runOnlyForDeploymentPostprocessing = 0;
			shellPath = /bin/sh;
			shellScript = "\"${PODS_ROOT}/Target Support Files/Pods-Mongli/Pods-Mongli-frameworks.sh\"\n";
			showEnvVarsInLog = 0;
		};
		BF4454C22420FA1800632E38 /* Swift Lint */ = {
			isa = PBXShellScriptBuildPhase;
			buildActionMask = 2147483647;
			files = (
			);
			inputFileListPaths = (
			);
			inputPaths = (
			);
			name = "Swift Lint";
			outputFileListPaths = (
			);
			outputPaths = (
			);
			runOnlyForDeploymentPostprocessing = 0;
			shellPath = /bin/sh;
			shellScript = "${PODS_ROOT}/SwiftLint/swiftlint\n";
		};
		DBB8729BE36E25342B23DC65 /* [CP] Check Pods Manifest.lock */ = {
			isa = PBXShellScriptBuildPhase;
			buildActionMask = 2147483647;
			files = (
			);
			inputFileListPaths = (
			);
			inputPaths = (
				"${PODS_PODFILE_DIR_PATH}/Podfile.lock",
				"${PODS_ROOT}/Manifest.lock",
			);
			name = "[CP] Check Pods Manifest.lock";
			outputFileListPaths = (
			);
			outputPaths = (
				"$(DERIVED_FILE_DIR)/Pods-Mongli-MongliUITests-checkManifestLockResult.txt",
			);
			runOnlyForDeploymentPostprocessing = 0;
			shellPath = /bin/sh;
			shellScript = "diff \"${PODS_PODFILE_DIR_PATH}/Podfile.lock\" \"${PODS_ROOT}/Manifest.lock\" > /dev/null\nif [ $? != 0 ] ; then\n    # print error to STDERR\n    echo \"error: The sandbox is not in sync with the Podfile.lock. Run 'pod install' or update your CocoaPods installation.\" >&2\n    exit 1\nfi\n# This output is used by Xcode 'outputs' to avoid re-running this script phase.\necho \"SUCCESS\" > \"${SCRIPT_OUTPUT_FILE_0}\"\n";
			showEnvVarsInLog = 0;
		};
/* End PBXShellScriptBuildPhase section */

/* Begin PBXSourcesBuildPhase section */
		BF44546B241E3FF800632E38 /* Sources */ = {
			isa = PBXSourcesBuildPhase;
			buildActionMask = 2147483647;
			files = (
				BF4454E22422701000632E38 /* DreamService.swift in Sources */,
				BF432731242A366700B1A9DE /* UIImage.swift in Sources */,
				BFBFB6432435B93700C15CDD /* ReadDreamViewController.swift in Sources */,
				BFB0A911242CDEBD00BCBFD4 /* Spinner+Rx.swift in Sources */,
				BF4455212424F89B00632E38 /* LogoView.swift in Sources */,
				BFBFB6472435BAE000C15CDD /* UpdateDreamViewController.swift in Sources */,
				BF330A15242B725500271BFC /* ReadDreamViewReactor.swift in Sources */,
				BF4454E52423703000632E38 /* MongliStep.swift in Sources */,
				BF4454B4241FA63D00632E38 /* Analysis.swift in Sources */,
				BF330A0B242B5CDE00271BFC /* GlobalProperties.swift in Sources */,
				BFBFB65524361DC900C15CDD /* UILabel+RxTheme.swift in Sources */,
				BF4454D22421ED7B00632E38 /* Service.swift in Sources */,
				BF4454EB24239CFB00632E38 /* BaseViewController.swift in Sources */,
				BF4454C624210AC800632E38 /* StorageManager.swift in Sources */,
				BFB0A913242CE31B00BCBFD4 /* CategoryButton.swift in Sources */,
				BFB0A90F242CDD0600BCBFD4 /* DreamView.swift in Sources */,
				BF4454FB24244A7500632E38 /* HomeViewController.swift in Sources */,
				BF44550324244ECF00632E38 /* SearchViewController.swift in Sources */,
				BF44550F242453CB00632E38 /* RxFlow.swift in Sources */,
				BF43272D242A345800B1A9DE /* SummaryDreamTableViewCell.swift in Sources */,
				BF4327272429EAA400B1A9DE /* MoreFlow.swift in Sources */,
				BF44550B2424507B00632E38 /* SearchFlow.swift in Sources */,
				BF4327202428F80D00B1A9DE /* CoverView.swift in Sources */,
				BF4454C92421130400632E38 /* Realm.swift in Sources */,
				BF432735242B2DC900B1A9DE /* Spinner.swift in Sources */,
				BFBFB6512436138600C15CDD /* CategoryInfoViewController.swift in Sources */,
				BF4454FD24244E7000632E38 /* HomeViewReactor.swift in Sources */,
				BFBFB64C2435F99600C15CDD /* UIGestureRecognizer+Rx.swift in Sources */,
				BF44552C2425019200632E38 /* UILabel.swift in Sources */,
				BF43271E2428DEEC00B1A9DE /* UIViewController.swift in Sources */,
				BF4454DE24225EF600632E38 /* LocalizedString.swift in Sources */,
				BF330A12242B724B00271BFC /* CreateDreamViewController.swift in Sources */,
				BF4455092424507100632E38 /* HomeFlow.swift in Sources */,
				BFBFB653243613F000C15CDD /* BottomButton.swift in Sources */,
				BF4327162428C94100B1A9DE /* ReachabilityManager.swift in Sources */,
				BF4455122424D16100632E38 /* Theme.swift in Sources */,
				BF4454CE24211F1D00632E38 /* ServiceType.swift in Sources */,
				BF43271A2428DE4E00B1A9DE /* ToastView.swift in Sources */,
				BF4454B2241FA63600632E38 /* Token.swift in Sources */,
				BF4454AD241F95D300632E38 /* LogManager.swift in Sources */,
				BF44550124244EA000632E38 /* MoreViewReactor.swift in Sources */,
				BF445477241E3FF800632E38 /* SignInViewController.swift in Sources */,
				BF44550524244ED800632E38 /* SearchViewReactor.swift in Sources */,
				BF4454D024211FCD00632E38 /* NetworkResult.swift in Sources */,
				BF4327292429F11900B1A9DE /* SnapKit.swift in Sources */,
				BF330A13242B724D00271BFC /* CreateDreamViewReactor.swift in Sources */,
				BF4455142424DC0300632E38 /* UIColor.swift in Sources */,
				BF4454F7242444BF00632E38 /* SignInViewReactor.swift in Sources */,
				BF445473241E3FF800632E38 /* AppDelegate.swift in Sources */,
				BF43272B2429FFD200B1A9DE /* UIButton.swift in Sources */,
				BF4454BC2420A93500632E38 /* TokenManager.swift in Sources */,
				BF4454C12420F59400632E38 /* MongliAPI.swift in Sources */,
				BF4454BE2420ACB400632E38 /* Dream.swift in Sources */,
				BF44551C2424E93900632E38 /* FontManager.swift in Sources */,
				BF4454FF24244E9600632E38 /* MoreViewController.swift in Sources */,
				BF432733242A38FA00B1A9DE /* Category.swift in Sources */,
				BF4327252429DF1500B1A9DE /* CALayer+RxTheme.swift in Sources */,
				BF4327142428800B00B1A9DE /* User.swift in Sources */,
				BF4454E724238DB800632E38 /* AppFlow.swift in Sources */,
				BF44552E2425D7AC00632E38 /* ASAuthorizationAppleIDButton+Rx.swift in Sources */,
				BF4454E02422683700632E38 /* AuthService.swift in Sources */,
				BFB0A915242CFDEE00BCBFD4 /* ObservableType.swift in Sources */,
				BF44550724244F7700632E38 /* TabBarFlow.swift in Sources */,
				BF43271224273F2A00B1A9DE /* SearchQuery.swift in Sources */,
				BF330A07242B462600271BFC /* FSCalendar+RxTheme.swift in Sources */,
				BF330A0D242B5F8400271BFC /* PlaceholderView.swift in Sources */,
				BFBFB6462435BADC00C15CDD /* UpdateDreamViewReactor.swift in Sources */,
				BF43272F242A352600B1A9DE /* Keys.swift in Sources */,
			);
			runOnlyForDeploymentPostprocessing = 0;
		};
		BF445481241E3FFA00632E38 /* Sources */ = {
			isa = PBXSourcesBuildPhase;
			buildActionMask = 2147483647;
			files = (
				BF44548A241E3FFA00632E38 /* MongliTests.swift in Sources */,
			);
			runOnlyForDeploymentPostprocessing = 0;
		};
		BF44548C241E3FFA00632E38 /* Sources */ = {
			isa = PBXSourcesBuildPhase;
			buildActionMask = 2147483647;
			files = (
				BF445495241E3FFA00632E38 /* MongliUITests.swift in Sources */,
			);
			runOnlyForDeploymentPostprocessing = 0;
		};
/* End PBXSourcesBuildPhase section */

/* Begin PBXTargetDependency section */
		BF445487241E3FFA00632E38 /* PBXTargetDependency */ = {
			isa = PBXTargetDependency;
			target = BF44546E241E3FF800632E38 /* Mongli */;
			targetProxy = BF445486241E3FFA00632E38 /* PBXContainerItemProxy */;
		};
		BF445492241E3FFA00632E38 /* PBXTargetDependency */ = {
			isa = PBXTargetDependency;
			target = BF44546E241E3FF800632E38 /* Mongli */;
			targetProxy = BF445491241E3FFA00632E38 /* PBXContainerItemProxy */;
		};
/* End PBXTargetDependency section */

/* Begin PBXVariantGroup section */
		BF44547D241E3FFA00632E38 /* LaunchScreen.storyboard */ = {
			isa = PBXVariantGroup;
			children = (
				BF44547E241E3FFA00632E38 /* Base */,
				BF4454DB24225CBC00632E38 /* ko */,
			);
			name = LaunchScreen.storyboard;
			sourceTree = "<group>";
		};
		BF4454DA24225C3000632E38 /* Localizable.strings */ = {
			isa = PBXVariantGroup;
			children = (
				BF4454D924225C3000632E38 /* en */,
				BF4454DC24225CBC00632E38 /* ko */,
			);
			name = Localizable.strings;
			sourceTree = "<group>";
		};
/* End PBXVariantGroup section */

/* Begin XCBuildConfiguration section */
		BF445497241E3FFA00632E38 /* Debug */ = {
			isa = XCBuildConfiguration;
			buildSettings = {
				ALWAYS_SEARCH_USER_PATHS = NO;
				CLANG_ANALYZER_LOCALIZABILITY_NONLOCALIZED = YES;
				CLANG_ANALYZER_NONNULL = YES;
				CLANG_ANALYZER_NUMBER_OBJECT_CONVERSION = YES_AGGRESSIVE;
				CLANG_CXX_LANGUAGE_STANDARD = "gnu++14";
				CLANG_CXX_LIBRARY = "libc++";
				CLANG_ENABLE_MODULES = YES;
				CLANG_ENABLE_OBJC_ARC = YES;
				CLANG_ENABLE_OBJC_WEAK = YES;
				CLANG_WARN_BLOCK_CAPTURE_AUTORELEASING = YES;
				CLANG_WARN_BOOL_CONVERSION = YES;
				CLANG_WARN_COMMA = YES;
				CLANG_WARN_CONSTANT_CONVERSION = YES;
				CLANG_WARN_DEPRECATED_OBJC_IMPLEMENTATIONS = YES;
				CLANG_WARN_DIRECT_OBJC_ISA_USAGE = YES_ERROR;
				CLANG_WARN_DOCUMENTATION_COMMENTS = YES;
				CLANG_WARN_EMPTY_BODY = YES;
				CLANG_WARN_ENUM_CONVERSION = YES;
				CLANG_WARN_INFINITE_RECURSION = YES;
				CLANG_WARN_INT_CONVERSION = YES;
				CLANG_WARN_NON_LITERAL_NULL_CONVERSION = YES;
				CLANG_WARN_OBJC_IMPLICIT_RETAIN_SELF = YES;
				CLANG_WARN_OBJC_LITERAL_CONVERSION = YES;
				CLANG_WARN_OBJC_ROOT_CLASS = YES_ERROR;
				CLANG_WARN_RANGE_LOOP_ANALYSIS = YES;
				CLANG_WARN_STRICT_PROTOTYPES = YES;
				CLANG_WARN_SUSPICIOUS_MOVE = YES;
				CLANG_WARN_UNGUARDED_AVAILABILITY = YES_AGGRESSIVE;
				CLANG_WARN_UNREACHABLE_CODE = YES;
				CLANG_WARN__DUPLICATE_METHOD_MATCH = YES;
				COPY_PHASE_STRIP = NO;
				DEBUG_INFORMATION_FORMAT = dwarf;
				ENABLE_STRICT_OBJC_MSGSEND = YES;
				ENABLE_TESTABILITY = YES;
				GCC_C_LANGUAGE_STANDARD = gnu11;
				GCC_DYNAMIC_NO_PIC = NO;
				GCC_NO_COMMON_BLOCKS = YES;
				GCC_OPTIMIZATION_LEVEL = 0;
				GCC_PREPROCESSOR_DEFINITIONS = (
					"DEBUG=1",
					"$(inherited)",
				);
				GCC_WARN_64_TO_32_BIT_CONVERSION = YES;
				GCC_WARN_ABOUT_RETURN_TYPE = YES_ERROR;
				GCC_WARN_UNDECLARED_SELECTOR = YES;
				GCC_WARN_UNINITIALIZED_AUTOS = YES_AGGRESSIVE;
				GCC_WARN_UNUSED_FUNCTION = YES;
				GCC_WARN_UNUSED_VARIABLE = YES;
				IPHONEOS_DEPLOYMENT_TARGET = 13.0;
				MTL_ENABLE_DEBUG_INFO = INCLUDE_SOURCE;
				MTL_FAST_MATH = YES;
				ONLY_ACTIVE_ARCH = YES;
				SDKROOT = iphoneos;
				SWIFT_ACTIVE_COMPILATION_CONDITIONS = DEBUG;
				SWIFT_OPTIMIZATION_LEVEL = "-Onone";
			};
			name = Debug;
		};
		BF445498241E3FFA00632E38 /* Release */ = {
			isa = XCBuildConfiguration;
			buildSettings = {
				ALWAYS_SEARCH_USER_PATHS = NO;
				CLANG_ANALYZER_LOCALIZABILITY_NONLOCALIZED = YES;
				CLANG_ANALYZER_NONNULL = YES;
				CLANG_ANALYZER_NUMBER_OBJECT_CONVERSION = YES_AGGRESSIVE;
				CLANG_CXX_LANGUAGE_STANDARD = "gnu++14";
				CLANG_CXX_LIBRARY = "libc++";
				CLANG_ENABLE_MODULES = YES;
				CLANG_ENABLE_OBJC_ARC = YES;
				CLANG_ENABLE_OBJC_WEAK = YES;
				CLANG_WARN_BLOCK_CAPTURE_AUTORELEASING = YES;
				CLANG_WARN_BOOL_CONVERSION = YES;
				CLANG_WARN_COMMA = YES;
				CLANG_WARN_CONSTANT_CONVERSION = YES;
				CLANG_WARN_DEPRECATED_OBJC_IMPLEMENTATIONS = YES;
				CLANG_WARN_DIRECT_OBJC_ISA_USAGE = YES_ERROR;
				CLANG_WARN_DOCUMENTATION_COMMENTS = YES;
				CLANG_WARN_EMPTY_BODY = YES;
				CLANG_WARN_ENUM_CONVERSION = YES;
				CLANG_WARN_INFINITE_RECURSION = YES;
				CLANG_WARN_INT_CONVERSION = YES;
				CLANG_WARN_NON_LITERAL_NULL_CONVERSION = YES;
				CLANG_WARN_OBJC_IMPLICIT_RETAIN_SELF = YES;
				CLANG_WARN_OBJC_LITERAL_CONVERSION = YES;
				CLANG_WARN_OBJC_ROOT_CLASS = YES_ERROR;
				CLANG_WARN_RANGE_LOOP_ANALYSIS = YES;
				CLANG_WARN_STRICT_PROTOTYPES = YES;
				CLANG_WARN_SUSPICIOUS_MOVE = YES;
				CLANG_WARN_UNGUARDED_AVAILABILITY = YES_AGGRESSIVE;
				CLANG_WARN_UNREACHABLE_CODE = YES;
				CLANG_WARN__DUPLICATE_METHOD_MATCH = YES;
				COPY_PHASE_STRIP = NO;
				DEBUG_INFORMATION_FORMAT = "dwarf-with-dsym";
				ENABLE_NS_ASSERTIONS = NO;
				ENABLE_STRICT_OBJC_MSGSEND = YES;
				GCC_C_LANGUAGE_STANDARD = gnu11;
				GCC_NO_COMMON_BLOCKS = YES;
				GCC_WARN_64_TO_32_BIT_CONVERSION = YES;
				GCC_WARN_ABOUT_RETURN_TYPE = YES_ERROR;
				GCC_WARN_UNDECLARED_SELECTOR = YES;
				GCC_WARN_UNINITIALIZED_AUTOS = YES_AGGRESSIVE;
				GCC_WARN_UNUSED_FUNCTION = YES;
				GCC_WARN_UNUSED_VARIABLE = YES;
				IPHONEOS_DEPLOYMENT_TARGET = 13.0;
				MTL_ENABLE_DEBUG_INFO = NO;
				MTL_FAST_MATH = YES;
				SDKROOT = iphoneos;
				SWIFT_COMPILATION_MODE = wholemodule;
				SWIFT_OPTIMIZATION_LEVEL = "-O";
				VALIDATE_PRODUCT = YES;
			};
			name = Release;
		};
		BF44549A241E3FFA00632E38 /* Debug */ = {
			isa = XCBuildConfiguration;
			baseConfigurationReference = E6378971A88ED86DF20C96E6 /* Pods-Mongli.debug.xcconfig */;
			buildSettings = {
				ASSETCATALOG_COMPILER_APPICON_NAME = AppIcon;
				CODE_SIGN_ENTITLEMENTS = "Mongli/Supporting Files/Mongli.entitlements";
				CODE_SIGN_STYLE = Automatic;
				DEVELOPMENT_TEAM = SPH977Z965;
				INFOPLIST_FILE = "Mongli/Supporting Files/Info.plist";
				LD_RUNPATH_SEARCH_PATHS = (
					"$(inherited)",
					"@executable_path/Frameworks",
				);
				MARKETING_VERSION = 0.1;
				PRODUCT_BUNDLE_IDENTIFIER = com.mongli.daeun28;
				PRODUCT_NAME = "$(TARGET_NAME)";
				SWIFT_VERSION = 5.0;
				TARGETED_DEVICE_FAMILY = 1;
			};
			name = Debug;
		};
		BF44549B241E3FFA00632E38 /* Release */ = {
			isa = XCBuildConfiguration;
			baseConfigurationReference = 5FC16AFACA234A05573030B5 /* Pods-Mongli.release.xcconfig */;
			buildSettings = {
				ASSETCATALOG_COMPILER_APPICON_NAME = AppIcon;
				CODE_SIGN_ENTITLEMENTS = "Mongli/Supporting Files/Mongli.entitlements";
				CODE_SIGN_STYLE = Automatic;
				DEVELOPMENT_TEAM = SPH977Z965;
				INFOPLIST_FILE = "Mongli/Supporting Files/Info.plist";
				LD_RUNPATH_SEARCH_PATHS = (
					"$(inherited)",
					"@executable_path/Frameworks",
				);
				MARKETING_VERSION = 0.1;
				PRODUCT_BUNDLE_IDENTIFIER = com.mongli.daeun28;
				PRODUCT_NAME = "$(TARGET_NAME)";
				SWIFT_VERSION = 5.0;
				TARGETED_DEVICE_FAMILY = 1;
			};
			name = Release;
		};
		BF44549D241E3FFA00632E38 /* Debug */ = {
			isa = XCBuildConfiguration;
			baseConfigurationReference = E376809359816E39573CC6B7 /* Pods-MongliTests.debug.xcconfig */;
			buildSettings = {
				ALWAYS_EMBED_SWIFT_STANDARD_LIBRARIES = YES;
				BUNDLE_LOADER = "$(TEST_HOST)";
				CODE_SIGN_STYLE = Automatic;
				DEVELOPMENT_TEAM = SPH977Z965;
				INFOPLIST_FILE = MongliTests/Info.plist;
				IPHONEOS_DEPLOYMENT_TARGET = 13.2;
				LD_RUNPATH_SEARCH_PATHS = (
					"$(inherited)",
					"@executable_path/Frameworks",
					"@loader_path/Frameworks",
				);
				PRODUCT_BUNDLE_IDENTIFIER = daeun28.MongliTests;
				PRODUCT_NAME = "$(TARGET_NAME)";
				SWIFT_VERSION = 5.0;
				TARGETED_DEVICE_FAMILY = "1,2";
				TEST_HOST = "$(BUILT_PRODUCTS_DIR)/Mongli.app/Mongli";
			};
			name = Debug;
		};
		BF44549E241E3FFA00632E38 /* Release */ = {
			isa = XCBuildConfiguration;
			baseConfigurationReference = D972BF9E0BDB5CA1D924C9BD /* Pods-MongliTests.release.xcconfig */;
			buildSettings = {
				ALWAYS_EMBED_SWIFT_STANDARD_LIBRARIES = YES;
				BUNDLE_LOADER = "$(TEST_HOST)";
				CODE_SIGN_STYLE = Automatic;
				DEVELOPMENT_TEAM = SPH977Z965;
				INFOPLIST_FILE = MongliTests/Info.plist;
				IPHONEOS_DEPLOYMENT_TARGET = 13.2;
				LD_RUNPATH_SEARCH_PATHS = (
					"$(inherited)",
					"@executable_path/Frameworks",
					"@loader_path/Frameworks",
				);
				PRODUCT_BUNDLE_IDENTIFIER = daeun28.MongliTests;
				PRODUCT_NAME = "$(TARGET_NAME)";
				SWIFT_VERSION = 5.0;
				TARGETED_DEVICE_FAMILY = "1,2";
				TEST_HOST = "$(BUILT_PRODUCTS_DIR)/Mongli.app/Mongli";
			};
			name = Release;
		};
		BF4454A0241E3FFA00632E38 /* Debug */ = {
			isa = XCBuildConfiguration;
			baseConfigurationReference = E9C8532DF38AFBF67EEC00F6 /* Pods-Mongli-MongliUITests.debug.xcconfig */;
			buildSettings = {
				ALWAYS_EMBED_SWIFT_STANDARD_LIBRARIES = YES;
				CODE_SIGN_STYLE = Automatic;
				DEVELOPMENT_TEAM = SPH977Z965;
				INFOPLIST_FILE = MongliUITests/Info.plist;
				LD_RUNPATH_SEARCH_PATHS = (
					"$(inherited)",
					"@executable_path/Frameworks",
					"@loader_path/Frameworks",
				);
				PRODUCT_BUNDLE_IDENTIFIER = daeun28.MongliUITests;
				PRODUCT_NAME = "$(TARGET_NAME)";
				SWIFT_VERSION = 5.0;
				TARGETED_DEVICE_FAMILY = "1,2";
				TEST_TARGET_NAME = Mongli;
			};
			name = Debug;
		};
		BF4454A1241E3FFA00632E38 /* Release */ = {
			isa = XCBuildConfiguration;
			baseConfigurationReference = BCBCB1D1B35A99011F0A4783 /* Pods-Mongli-MongliUITests.release.xcconfig */;
			buildSettings = {
				ALWAYS_EMBED_SWIFT_STANDARD_LIBRARIES = YES;
				CODE_SIGN_STYLE = Automatic;
				DEVELOPMENT_TEAM = SPH977Z965;
				INFOPLIST_FILE = MongliUITests/Info.plist;
				LD_RUNPATH_SEARCH_PATHS = (
					"$(inherited)",
					"@executable_path/Frameworks",
					"@loader_path/Frameworks",
				);
				PRODUCT_BUNDLE_IDENTIFIER = daeun28.MongliUITests;
				PRODUCT_NAME = "$(TARGET_NAME)";
				SWIFT_VERSION = 5.0;
				TARGETED_DEVICE_FAMILY = "1,2";
				TEST_TARGET_NAME = Mongli;
			};
			name = Release;
		};
/* End XCBuildConfiguration section */

/* Begin XCConfigurationList section */
		BF44546A241E3FF800632E38 /* Build configuration list for PBXProject "Mongli" */ = {
			isa = XCConfigurationList;
			buildConfigurations = (
				BF445497241E3FFA00632E38 /* Debug */,
				BF445498241E3FFA00632E38 /* Release */,
			);
			defaultConfigurationIsVisible = 0;
			defaultConfigurationName = Release;
		};
		BF445499241E3FFA00632E38 /* Build configuration list for PBXNativeTarget "Mongli" */ = {
			isa = XCConfigurationList;
			buildConfigurations = (
				BF44549A241E3FFA00632E38 /* Debug */,
				BF44549B241E3FFA00632E38 /* Release */,
			);
			defaultConfigurationIsVisible = 0;
			defaultConfigurationName = Release;
		};
		BF44549C241E3FFA00632E38 /* Build configuration list for PBXNativeTarget "MongliTests" */ = {
			isa = XCConfigurationList;
			buildConfigurations = (
				BF44549D241E3FFA00632E38 /* Debug */,
				BF44549E241E3FFA00632E38 /* Release */,
			);
			defaultConfigurationIsVisible = 0;
			defaultConfigurationName = Release;
		};
		BF44549F241E3FFA00632E38 /* Build configuration list for PBXNativeTarget "MongliUITests" */ = {
			isa = XCConfigurationList;
			buildConfigurations = (
				BF4454A0241E3FFA00632E38 /* Debug */,
				BF4454A1241E3FFA00632E38 /* Release */,
			);
			defaultConfigurationIsVisible = 0;
			defaultConfigurationName = Release;
		};
/* End XCConfigurationList section */
	};
	rootObject = BF445467241E3FF800632E38 /* Project object */;
}
